
Microsoft Visual Studio Solution File, Format Version 12.00
# Visual Studio Version 17
VisualStudioVersion = 17.1.32210.238
MinimumVisualStudioVersion = 10.0.40219.1
Project("{9A19103F-16F7-4668-BE54-9A1E7A4F7556}") = "BlazorBase.CRUD", "BlazorBase.CRUD\BlazorBase.CRUD.csproj", "{512C5572-55DA-40B3-A428-1B83BB7A2906}"
EndProject
Project("{9A19103F-16F7-4668-BE54-9A1E7A4F7556}") = "BlazorBase", "BlazorBase\BlazorBase.csproj", "{F74025E7-74A8-42A3-99E8-D729985AB2E3}"
EndProject
Project("{9A19103F-16F7-4668-BE54-9A1E7A4F7556}") = "BlazorBase.User", "BlazorBase.User\BlazorBase.User.csproj", "{45491AAD-F777-49E5-BCB6-A1E8CB0061D5}"
EndProject
Project("{9A19103F-16F7-4668-BE54-9A1E7A4F7556}") = "BlazorBase.Files", "BlazorBase.Files\BlazorBase.Files.csproj", "{1B1ADDA7-0DCF-4025-9FC4-5808D72EFA56}"
EndProject
Project("{9A19103F-16F7-4668-BE54-9A1E7A4F7556}") = "BlazorBase.Themes", "BlazorBase.Themes\BlazorBase.Themes.csproj", "{AFEAB725-1AF9-4BAC-8F5D-F762712C8B08}"
EndProject
Project("{9A19103F-16F7-4668-BE54-9A1E7A4F7556}") = "BlazorBase.CRUD.NumberSeries", "BlazorBase.CRUD.NumberSeries\BlazorBase.CRUD.NumberSeries.csproj", "{A4C81894-82DD-4C39-91D3-FA3494B0206A}"
EndProject
Project("{2150E333-8FDC-42A3-9474-1A3956D46DE8}") = "Source", "Source", "{DB570994-9245-4729-9B12-A02CCED2F12F}"
EndProject
Project("{2150E333-8FDC-42A3-9474-1A3956D46DE8}") = "Tests", "Tests", "{6911352E-71F1-4E13-B05F-00360AD5848E}"
EndProject
Project("{9A19103F-16F7-4668-BE54-9A1E7A4F7556}") = "BlazorBase.CRUD.NumberSeries.Test", "BlazorBase.CRUD.NumberSeries.Test\BlazorBase.CRUD.NumberSeries.Test.csproj", "{D3DD7397-8242-4F26-81A7-98DAC6FEBFC3}"
EndProject
Project("{9A19103F-16F7-4668-BE54-9A1E7A4F7556}") = "BlazorBase.MessageHandling", "BlazorBase.MessageHandling\BlazorBase.MessageHandling.csproj", "{80A753EF-11BC-4BCB-8A70-525686D0E758}"
EndProject
Project("{9A19103F-16F7-4668-BE54-9A1E7A4F7556}") = "BlazorBase.RichTextEditor", "BlazorBase.RichTextEditor\BlazorBase.RichTextEditor.csproj", "{AF37BBCE-AB9A-413C-A1CA-EFFDFC761BBC}"
EndProject
Project("{9A19103F-16F7-4668-BE54-9A1E7A4F7556}") = "BlazorBase.Mailing", "BlazorBase.Mailing\BlazorBase.Mailing.csproj", "{E051A659-2321-4BEF-B760-2359A77927EC}"
EndProject
Project("{9A19103F-16F7-4668-BE54-9A1E7A4F7556}") = "BlazorBase.Backup", "BlazorBase.Backup\BlazorBase.Backup.csproj", "{6DAF7CFE-CA95-4CBB-BD8A-39930A1A7556}"
EndProject
Project("{9A19103F-16F7-4668-BE54-9A1E7A4F7556}") = "BlazorBase.Restore", "BlazorBase.Restore\BlazorBase.Restore.csproj", "{4E71EDB6-F646-43A5-B248-9DF1D91306E9}"
EndProject
Project("{9A19103F-16F7-4668-BE54-9A1E7A4F7556}") = "BlazorBase.DataUpgrade", "BlazorBase.DataUpgrade\BlazorBase.DataUpgrade.csproj", "{4B9A7699-9A24-4587-81C6-5CDDD6155DDF}"
EndProject
Project("{9A19103F-16F7-4668-BE54-9A1E7A4F7556}") = "BlazorBase.AudioRecorder", "BlazorBase.AudioRecorder\BlazorBase.AudioRecorder.csproj", "{DDC8206A-2CE6-4C34-81DD-2548B356CD9E}"
EndProject
Project("{9A19103F-16F7-4668-BE54-9A1E7A4F7556}") = "BlazorBase.Server", "BlazorBase.Server\BlazorBase.Server.csproj", "{97C86A8F-C7C7-4B0B-A0F6-ACCA6A6AE4C9}"
EndProject
Project("{9A19103F-16F7-4668-BE54-9A1E7A4F7556}") = "BlazorBase.Server.User", "BlazorBase.Server.User\BlazorBase.Server.User.csproj", "{D7BAC27F-89CC-4E98-A173-2CC5D0847B69}"
EndProject
Project("{9A19103F-16F7-4668-BE54-9A1E7A4F7556}") = "BlazorBase.RecurringBackgroundJobQueue", "BlazorBase.RecurringJobQueue\BlazorBase.RecurringBackgroundJobQueue.csproj", "{DC8B2C50-81B4-4F4F-A53F-3FFE38D85E15}"
EndProject
Project("{9A19103F-16F7-4668-BE54-9A1E7A4F7556}") = "BlazorBase.Abstractions", "BlazorBase.Abstractions\BlazorBase.Abstractions.csproj", "{44EF47DC-94D2-43BB-878C-A9224B990C45}"
EndProject
Global
	GlobalSection(SolutionConfigurationPlatforms) = preSolution
		Debug|Any CPU = Debug|Any CPU
		Release|Any CPU = Release|Any CPU
	EndGlobalSection
	GlobalSection(ProjectConfigurationPlatforms) = postSolution
		{512C5572-55DA-40B3-A428-1B83BB7A2906}.Debug|Any CPU.ActiveCfg = Debug|Any CPU
		{512C5572-55DA-40B3-A428-1B83BB7A2906}.Debug|Any CPU.Build.0 = Debug|Any CPU
		{512C5572-55DA-40B3-A428-1B83BB7A2906}.Release|Any CPU.ActiveCfg = Release|Any CPU
		{512C5572-55DA-40B3-A428-1B83BB7A2906}.Release|Any CPU.Build.0 = Release|Any CPU
		{F74025E7-74A8-42A3-99E8-D729985AB2E3}.Debug|Any CPU.ActiveCfg = Debug|Any CPU
		{F74025E7-74A8-42A3-99E8-D729985AB2E3}.Debug|Any CPU.Build.0 = Debug|Any CPU
		{F74025E7-74A8-42A3-99E8-D729985AB2E3}.Release|Any CPU.ActiveCfg = Release|Any CPU
		{F74025E7-74A8-42A3-99E8-D729985AB2E3}.Release|Any CPU.Build.0 = Release|Any CPU
		{45491AAD-F777-49E5-BCB6-A1E8CB0061D5}.Debug|Any CPU.ActiveCfg = Debug|Any CPU
		{45491AAD-F777-49E5-BCB6-A1E8CB0061D5}.Debug|Any CPU.Build.0 = Debug|Any CPU
		{45491AAD-F777-49E5-BCB6-A1E8CB0061D5}.Release|Any CPU.ActiveCfg = Release|Any CPU
		{45491AAD-F777-49E5-BCB6-A1E8CB0061D5}.Release|Any CPU.Build.0 = Release|Any CPU
		{1B1ADDA7-0DCF-4025-9FC4-5808D72EFA56}.Debug|Any CPU.ActiveCfg = Debug|Any CPU
		{1B1ADDA7-0DCF-4025-9FC4-5808D72EFA56}.Debug|Any CPU.Build.0 = Debug|Any CPU
		{1B1ADDA7-0DCF-4025-9FC4-5808D72EFA56}.Release|Any CPU.ActiveCfg = Release|Any CPU
		{1B1ADDA7-0DCF-4025-9FC4-5808D72EFA56}.Release|Any CPU.Build.0 = Release|Any CPU
		{AFEAB725-1AF9-4BAC-8F5D-F762712C8B08}.Debug|Any CPU.ActiveCfg = Debug|Any CPU
		{AFEAB725-1AF9-4BAC-8F5D-F762712C8B08}.Debug|Any CPU.Build.0 = Debug|Any CPU
		{AFEAB725-1AF9-4BAC-8F5D-F762712C8B08}.Release|Any CPU.ActiveCfg = Release|Any CPU
		{AFEAB725-1AF9-4BAC-8F5D-F762712C8B08}.Release|Any CPU.Build.0 = Release|Any CPU
		{A4C81894-82DD-4C39-91D3-FA3494B0206A}.Debug|Any CPU.ActiveCfg = Debug|Any CPU
		{A4C81894-82DD-4C39-91D3-FA3494B0206A}.Debug|Any CPU.Build.0 = Debug|Any CPU
		{A4C81894-82DD-4C39-91D3-FA3494B0206A}.Release|Any CPU.ActiveCfg = Release|Any CPU
		{A4C81894-82DD-4C39-91D3-FA3494B0206A}.Release|Any CPU.Build.0 = Release|Any CPU
		{D3DD7397-8242-4F26-81A7-98DAC6FEBFC3}.Debug|Any CPU.ActiveCfg = Debug|Any CPU
		{D3DD7397-8242-4F26-81A7-98DAC6FEBFC3}.Debug|Any CPU.Build.0 = Debug|Any CPU
		{D3DD7397-8242-4F26-81A7-98DAC6FEBFC3}.Release|Any CPU.ActiveCfg = Release|Any CPU
		{D3DD7397-8242-4F26-81A7-98DAC6FEBFC3}.Release|Any CPU.Build.0 = Release|Any CPU
		{80A753EF-11BC-4BCB-8A70-525686D0E758}.Debug|Any CPU.ActiveCfg = Debug|Any CPU
		{80A753EF-11BC-4BCB-8A70-525686D0E758}.Debug|Any CPU.Build.0 = Debug|Any CPU
		{80A753EF-11BC-4BCB-8A70-525686D0E758}.Release|Any CPU.ActiveCfg = Release|Any CPU
		{80A753EF-11BC-4BCB-8A70-525686D0E758}.Release|Any CPU.Build.0 = Release|Any CPU
		{AF37BBCE-AB9A-413C-A1CA-EFFDFC761BBC}.Debug|Any CPU.ActiveCfg = Debug|Any CPU
		{AF37BBCE-AB9A-413C-A1CA-EFFDFC761BBC}.Debug|Any CPU.Build.0 = Debug|Any CPU
		{AF37BBCE-AB9A-413C-A1CA-EFFDFC761BBC}.Release|Any CPU.ActiveCfg = Release|Any CPU
		{AF37BBCE-AB9A-413C-A1CA-EFFDFC761BBC}.Release|Any CPU.Build.0 = Release|Any CPU
		{E051A659-2321-4BEF-B760-2359A77927EC}.Debug|Any CPU.ActiveCfg = Debug|Any CPU
		{E051A659-2321-4BEF-B760-2359A77927EC}.Debug|Any CPU.Build.0 = Debug|Any CPU
		{E051A659-2321-4BEF-B760-2359A77927EC}.Release|Any CPU.ActiveCfg = Release|Any CPU
		{E051A659-2321-4BEF-B760-2359A77927EC}.Release|Any CPU.Build.0 = Release|Any CPU
		{6DAF7CFE-CA95-4CBB-BD8A-39930A1A7556}.Debug|Any CPU.ActiveCfg = Debug|Any CPU
		{6DAF7CFE-CA95-4CBB-BD8A-39930A1A7556}.Debug|Any CPU.Build.0 = Debug|Any CPU
		{6DAF7CFE-CA95-4CBB-BD8A-39930A1A7556}.Release|Any CPU.ActiveCfg = Release|Any CPU
		{6DAF7CFE-CA95-4CBB-BD8A-39930A1A7556}.Release|Any CPU.Build.0 = Release|Any CPU
		{4E71EDB6-F646-43A5-B248-9DF1D91306E9}.Debug|Any CPU.ActiveCfg = Debug|Any CPU
		{4E71EDB6-F646-43A5-B248-9DF1D91306E9}.Release|Any CPU.ActiveCfg = Release|Any CPU
		{4E71EDB6-F646-43A5-B248-9DF1D91306E9}.Release|Any CPU.Build.0 = Release|Any CPU
		{4B9A7699-9A24-4587-81C6-5CDDD6155DDF}.Debug|Any CPU.ActiveCfg = Debug|Any CPU
		{4B9A7699-9A24-4587-81C6-5CDDD6155DDF}.Debug|Any CPU.Build.0 = Debug|Any CPU
		{4B9A7699-9A24-4587-81C6-5CDDD6155DDF}.Release|Any CPU.ActiveCfg = Release|Any CPU
		{4B9A7699-9A24-4587-81C6-5CDDD6155DDF}.Release|Any CPU.Build.0 = Release|Any CPU
		{DDC8206A-2CE6-4C34-81DD-2548B356CD9E}.Debug|Any CPU.ActiveCfg = Debug|Any CPU
		{DDC8206A-2CE6-4C34-81DD-2548B356CD9E}.Debug|Any CPU.Build.0 = Debug|Any CPU
		{DDC8206A-2CE6-4C34-81DD-2548B356CD9E}.Release|Any CPU.ActiveCfg = Release|Any CPU
		{DDC8206A-2CE6-4C34-81DD-2548B356CD9E}.Release|Any CPU.Build.0 = Release|Any CPU
		{97C86A8F-C7C7-4B0B-A0F6-ACCA6A6AE4C9}.Debug|Any CPU.ActiveCfg = Debug|Any CPU
		{97C86A8F-C7C7-4B0B-A0F6-ACCA6A6AE4C9}.Debug|Any CPU.Build.0 = Debug|Any CPU
		{97C86A8F-C7C7-4B0B-A0F6-ACCA6A6AE4C9}.Release|Any CPU.ActiveCfg = Release|Any CPU
		{97C86A8F-C7C7-4B0B-A0F6-ACCA6A6AE4C9}.Release|Any CPU.Build.0 = Release|Any CPU
		{D7BAC27F-89CC-4E98-A173-2CC5D0847B69}.Debug|Any CPU.ActiveCfg = Debug|Any CPU
		{D7BAC27F-89CC-4E98-A173-2CC5D0847B69}.Debug|Any CPU.Build.0 = Debug|Any CPU
		{D7BAC27F-89CC-4E98-A173-2CC5D0847B69}.Release|Any CPU.ActiveCfg = Release|Any CPU
		{D7BAC27F-89CC-4E98-A173-2CC5D0847B69}.Release|Any CPU.Build.0 = Release|Any CPU
		{DC8B2C50-81B4-4F4F-A53F-3FFE38D85E15}.Debug|Any CPU.ActiveCfg = Debug|Any CPU
		{DC8B2C50-81B4-4F4F-A53F-3FFE38D85E15}.Debug|Any CPU.Build.0 = Debug|Any CPU
		{DC8B2C50-81B4-4F4F-A53F-3FFE38D85E15}.Release|Any CPU.ActiveCfg = Release|Any CPU
		{DC8B2C50-81B4-4F4F-A53F-3FFE38D85E15}.Release|Any CPU.Build.0 = Release|Any CPU
		{44EF47DC-94D2-43BB-878C-A9224B990C45}.Debug|Any CPU.ActiveCfg = Debug|Any CPU
		{44EF47DC-94D2-43BB-878C-A9224B990C45}.Debug|Any CPU.Build.0 = Debug|Any CPU
		{44EF47DC-94D2-43BB-878C-A9224B990C45}.Release|Any CPU.ActiveCfg = Release|Any CPU
		{44EF47DC-94D2-43BB-878C-A9224B990C45}.Release|Any CPU.Build.0 = Release|Any CPU
	EndGlobalSection
	GlobalSection(SolutionProperties) = preSolution
		HideSolutionNode = FALSE
	EndGlobalSection
	GlobalSection(NestedProjects) = preSolution
		{512C5572-55DA-40B3-A428-1B83BB7A2906} = {DB570994-9245-4729-9B12-A02CCED2F12F}
		{F74025E7-74A8-42A3-99E8-D729985AB2E3} = {DB570994-9245-4729-9B12-A02CCED2F12F}
		{45491AAD-F777-49E5-BCB6-A1E8CB0061D5} = {DB570994-9245-4729-9B12-A02CCED2F12F}
		{1B1ADDA7-0DCF-4025-9FC4-5808D72EFA56} = {DB570994-9245-4729-9B12-A02CCED2F12F}
		{AFEAB725-1AF9-4BAC-8F5D-F762712C8B08} = {DB570994-9245-4729-9B12-A02CCED2F12F}
		{A4C81894-82DD-4C39-91D3-FA3494B0206A} = {DB570994-9245-4729-9B12-A02CCED2F12F}
		{D3DD7397-8242-4F26-81A7-98DAC6FEBFC3} = {6911352E-71F1-4E13-B05F-00360AD5848E}
		{80A753EF-11BC-4BCB-8A70-525686D0E758} = {DB570994-9245-4729-9B12-A02CCED2F12F}
		{AF37BBCE-AB9A-413C-A1CA-EFFDFC761BBC} = {DB570994-9245-4729-9B12-A02CCED2F12F}
		{E051A659-2321-4BEF-B760-2359A77927EC} = {DB570994-9245-4729-9B12-A02CCED2F12F}
		{6DAF7CFE-CA95-4CBB-BD8A-39930A1A7556} = {DB570994-9245-4729-9B12-A02CCED2F12F}
		{4E71EDB6-F646-43A5-B248-9DF1D91306E9} = {DB570994-9245-4729-9B12-A02CCED2F12F}
		{4B9A7699-9A24-4587-81C6-5CDDD6155DDF} = {DB570994-9245-4729-9B12-A02CCED2F12F}
		{DDC8206A-2CE6-4C34-81DD-2548B356CD9E} = {DB570994-9245-4729-9B12-A02CCED2F12F}
		{97C86A8F-C7C7-4B0B-A0F6-ACCA6A6AE4C9} = {DB570994-9245-4729-9B12-A02CCED2F12F}
		{D7BAC27F-89CC-4E98-A173-2CC5D0847B69} = {DB570994-9245-4729-9B12-A02CCED2F12F}
		{DC8B2C50-81B4-4F4F-A53F-3FFE38D85E15} = {DB570994-9245-4729-9B12-A02CCED2F12F}
		{44EF47DC-94D2-43BB-878C-A9224B990C45} = {DB570994-9245-4729-9B12-A02CCED2F12F}
	EndGlobalSection
	GlobalSection(ExtensibilityGlobals) = postSolution
		SolutionGuid = {6F9C395A-A326-4362-81F4-AF9526CBEE16}
	EndGlobalSection
EndGlobal
