
Microsoft Visual Studio Solution File, Format Version 12.00
# Visual Studio Version 16
VisualStudioVersion = 16.0.31019.35
MinimumVisualStudioVersion = 10.0.40219.1
Project("{9A19103F-16F7-4668-BE54-9A1E7A4F7556}") = "BlazorBase.CRUD", "BlazorBase.CRUD\BlazorBase.CRUD.csproj", "{512C5572-55DA-40B3-A428-1B83BB7A2906}"
EndProject
Project("{9A19103F-16F7-4668-BE54-9A1E7A4F7556}") = "BlazorBase", "BlazorBase\BlazorBase.csproj", "{F74025E7-74A8-42A3-99E8-D729985AB2E3}"
EndProject
Project("{FAE04EC0-301F-11D3-BF4B-00C04F79EFBC}") = "BlazorBase.User", "BlazorBase.User\BlazorBase.User.csproj", "{45491AAD-F777-49E5-BCB6-A1E8CB0061D5}"
EndProject
Project("{FAE04EC0-301F-11D3-BF4B-00C04F79EFBC}") = "BlazorBase.Files", "BlazorBase.Files\BlazorBase.Files.csproj", "{1B1ADDA7-0DCF-4025-9FC4-5808D72EFA56}"
EndProject
Project("{9A19103F-16F7-4668-BE54-9A1E7A4F7556}") = "BlazorBase.Themes", "BlazorBase.Themes\BlazorBase.Themes.csproj", "{AFEAB725-1AF9-4BAC-8F5D-F762712C8B08}"
EndProject
Project("{9A19103F-16F7-4668-BE54-9A1E7A4F7556}") = "BlazorBase.CRUD.NumberSeries", "BlazorBase.CRUD.NumberSeries\BlazorBase.CRUD.NumberSeries.csproj", "{A4C81894-82DD-4C39-91D3-FA3494B0206A}"
EndProject
Project("{2150E333-8FDC-42A3-9474-1A3956D46DE8}") = "Source", "Source", "{DB570994-9245-4729-9B12-A02CCED2F12F}"
EndProject
Project("{2150E333-8FDC-42A3-9474-1A3956D46DE8}") = "Tests", "Tests", "{6911352E-71F1-4E13-B05F-00360AD5848E}"
EndProject
Project("{FAE04EC0-301F-11D3-BF4B-00C04F79EFBC}") = "BlazorBase.CRUD.NumberSeries.Test", "BlazorBase.CRUD.NumberSeries.Test\BlazorBase.CRUD.NumberSeries.Test.csproj", "{D3DD7397-8242-4F26-81A7-98DAC6FEBFC3}"
EndProject
Global
	GlobalSection(SolutionConfigurationPlatforms) = preSolution
		Debug|Any CPU = Debug|Any CPU
		Release|Any CPU = Release|Any CPU
	EndGlobalSection
	GlobalSection(ProjectConfigurationPlatforms) = postSolution
		{512C5572-55DA-40B3-A428-1B83BB7A2906}.Debug|Any CPU.ActiveCfg = Debug|Any CPU
		{512C5572-55DA-40B3-A428-1B83BB7A2906}.Debug|Any CPU.Build.0 = Debug|Any CPU
		{512C5572-55DA-40B3-A428-1B83BB7A2906}.Release|Any CPU.ActiveCfg = Release|Any CPU
		{512C5572-55DA-40B3-A428-1B83BB7A2906}.Release|Any CPU.Build.0 = Release|Any CPU
		{F74025E7-74A8-42A3-99E8-D729985AB2E3}.Debug|Any CPU.ActiveCfg = Debug|Any CPU
		{F74025E7-74A8-42A3-99E8-D729985AB2E3}.Debug|Any CPU.Build.0 = Debug|Any CPU
		{F74025E7-74A8-42A3-99E8-D729985AB2E3}.Release|Any CPU.ActiveCfg = Release|Any CPU
		{F74025E7-74A8-42A3-99E8-D729985AB2E3}.Release|Any CPU.Build.0 = Release|Any CPU
		{45491AAD-F777-49E5-BCB6-A1E8CB0061D5}.Debug|Any CPU.ActiveCfg = Debug|Any CPU
		{45491AAD-F777-49E5-BCB6-A1E8CB0061D5}.Debug|Any CPU.Build.0 = Debug|Any CPU
		{45491AAD-F777-49E5-BCB6-A1E8CB0061D5}.Release|Any CPU.ActiveCfg = Release|Any CPU
		{45491AAD-F777-49E5-BCB6-A1E8CB0061D5}.Release|Any CPU.Build.0 = Release|Any CPU
		{1B1ADDA7-0DCF-4025-9FC4-5808D72EFA56}.Debug|Any CPU.ActiveCfg = Debug|Any CPU
		{1B1ADDA7-0DCF-4025-9FC4-5808D72EFA56}.Debug|Any CPU.Build.0 = Debug|Any CPU
		{1B1ADDA7-0DCF-4025-9FC4-5808D72EFA56}.Release|Any CPU.ActiveCfg = Release|Any CPU
		{1B1ADDA7-0DCF-4025-9FC4-5808D72EFA56}.Release|Any CPU.Build.0 = Release|Any CPU
		{AFEAB725-1AF9-4BAC-8F5D-F762712C8B08}.Debug|Any CPU.ActiveCfg = Debug|Any CPU
		{AFEAB725-1AF9-4BAC-8F5D-F762712C8B08}.Debug|Any CPU.Build.0 = Debug|Any CPU
		{AFEAB725-1AF9-4BAC-8F5D-F762712C8B08}.Release|Any CPU.ActiveCfg = Release|Any CPU
		{AFEAB725-1AF9-4BAC-8F5D-F762712C8B08}.Release|Any CPU.Build.0 = Release|Any CPU
		{A4C81894-82DD-4C39-91D3-FA3494B0206A}.Debug|Any CPU.ActiveCfg = Debug|Any CPU
		{A4C81894-82DD-4C39-91D3-FA3494B0206A}.Debug|Any CPU.Build.0 = Debug|Any CPU
		{A4C81894-82DD-4C39-91D3-FA3494B0206A}.Release|Any CPU.ActiveCfg = Release|Any CPU
		{A4C81894-82DD-4C39-91D3-FA3494B0206A}.Release|Any CPU.Build.0 = Release|Any CPU
		{D3DD7397-8242-4F26-81A7-98DAC6FEBFC3}.Debug|Any CPU.ActiveCfg = Debug|Any CPU
		{D3DD7397-8242-4F26-81A7-98DAC6FEBFC3}.Debug|Any CPU.Build.0 = Debug|Any CPU
		{D3DD7397-8242-4F26-81A7-98DAC6FEBFC3}.Release|Any CPU.ActiveCfg = Release|Any CPU
		{D3DD7397-8242-4F26-81A7-98DAC6FEBFC3}.Release|Any CPU.Build.0 = Release|Any CPU
	EndGlobalSection
	GlobalSection(SolutionProperties) = preSolution
		HideSolutionNode = FALSE
	EndGlobalSection
	GlobalSection(NestedProjects) = preSolution
		{512C5572-55DA-40B3-A428-1B83BB7A2906} = {DB570994-9245-4729-9B12-A02CCED2F12F}
		{F74025E7-74A8-42A3-99E8-D729985AB2E3} = {DB570994-9245-4729-9B12-A02CCED2F12F}
		{45491AAD-F777-49E5-BCB6-A1E8CB0061D5} = {DB570994-9245-4729-9B12-A02CCED2F12F}
		{1B1ADDA7-0DCF-4025-9FC4-5808D72EFA56} = {DB570994-9245-4729-9B12-A02CCED2F12F}
		{AFEAB725-1AF9-4BAC-8F5D-F762712C8B08} = {DB570994-9245-4729-9B12-A02CCED2F12F}
		{A4C81894-82DD-4C39-91D3-FA3494B0206A} = {DB570994-9245-4729-9B12-A02CCED2F12F}
		{D3DD7397-8242-4F26-81A7-98DAC6FEBFC3} = {6911352E-71F1-4E13-B05F-00360AD5848E}
	EndGlobalSection
	GlobalSection(ExtensibilityGlobals) = postSolution
		SolutionGuid = {6F9C395A-A326-4362-81F4-AF9526CBEE16}
	EndGlobalSection
EndGlobal
